
Microsoft Visual Studio Solution File, Format Version 12.00
# Visual Studio Version 17
VisualStudioVersion = 17.13.35806.99 d17.13
MinimumVisualStudioVersion = 10.0.40219.1
Project("{FAE04EC0-301F-11D3-BF4B-00C04F79EFBC}") = "AuthService", "AuthService\AuthService.csproj", "{96A28AB2-69B3-4024-82B4-E4C19E158AC3}"
EndProject
Global
	GlobalSection(SolutionConfigurationPlatforms) = preSolution
		Debug|Any CPU = Debug|Any CPU
		Release|Any CPU = Release|Any CPU
	EndGlobalSection
	GlobalSection(ProjectConfigurationPlatforms) = postSolution
		{96A28AB2-69B3-4024-82B4-E4C19E158AC3}.Debug|Any CPU.ActiveCfg = Debug|Any CPU
		{96A28AB2-69B3-4024-82B4-E4C19E158AC3}.Debug|Any CPU.Build.0 = Debug|Any CPU
		{96A28AB2-69B3-4024-82B4-E4C19E158AC3}.Release|Any CPU.ActiveCfg = Release|Any CPU
		{96A28AB2-69B3-4024-82B4-E4C19E158AC3}.Release|Any CPU.Build.0 = Release|Any CPU
	EndGlobalSection
	GlobalSection(SolutionProperties) = preSolution
		HideSolutionNode = FALSE
	EndGlobalSection
	GlobalSection(ExtensibilityGlobals) = postSolution
		SolutionGuid = {B351AEC0-D05A-48DF-80A9-9049A19C798E}
	EndGlobalSection
EndGlobal
