Microsoft Visual Studio Solution File, Format Version 12.00
# Visual Studio Version 17
VisualStudioVersion = 17.0.31903.59
MinimumVisualStudioVersion = 10.0.40219.1
Project("{FAE04EC0-301F-11D3-BF4B-00C04F79EFBC}") = "Host", "src\Host\Host.csproj", "{A5B05373-AB94-48ED-8012-DCF2C972E319}"
EndProject
Project("{FAE04EC0-301F-11D3-BF4B-00C04F79EFBC}") = "SharedKernel", "src\SharedKernel\SharedKernel.csproj", "{727869D3-024D-4B83-8D70-2ECE7AD20ED8}"
EndProject
Project("{FAE04EC0-301F-11D3-BF4B-00C04F79EFBC}") = "Catalog.Application", "src\Modules\Catalog\Application\Catalog.Application.csproj", "{1129AB8E-9309-4710-A745-8F54997A1974}"
EndProject
Project("{FAE04EC0-301F-11D3-BF4B-00C04F79EFBC}") = "Catalog.Domain", "src\Modules\Catalog\Domain\Catalog.Domain.csproj", "{88C84D8D-DDDD-4B53-8E16-E4545F82C502}"
EndProject
Project("{FAE04EC0-301F-11D3-BF4B-00C04F79EFBC}") = "Catalog.Infrastructure", "src\Modules\Catalog\Infrastructure\Catalog.Infrastructure.csproj", "{9E44A934-2DB6-42C3-B3D0-57D102B8A0B2}"
EndProject
Project("{FAE04EC0-301F-11D3-BF4B-00C04F79EFBC}") = "Catalog.Api", "src\Modules\Catalog\Api\Catalog.Api.csproj", "{22FCD236-4CFC-458F-92BF-36100D4D06F3}"
EndProject
Project("{FAE04EC0-301F-11D3-BF4B-00C04F79EFBC}") = "Sales.Application", "src\Modules\Sales\Application\Sales.Application.csproj", "{0A222F31-A1A3-45E4-937D-61D52C9BDB3D}"
EndProject
Project("{FAE04EC0-301F-11D3-BF4B-00C04F79EFBC}") = "Sales.Domain", "src\Modules\Sales\Domain\Sales.Domain.csproj", "{DD07726B-ED19-4F41-8F43-DEF7A461339D}"
EndProject
Project("{FAE04EC0-301F-11D3-BF4B-00C04F79EFBC}") = "Sales.Infrastructure", "src\Modules\Sales\Infrastructure\Sales.Infrastructure.csproj", "{09F77EF8-B90F-4299-BDEE-39C9CF82DA62}"
EndProject
Project("{FAE04EC0-301F-11D3-BF4B-00C04F79EFBC}") = "Sales.Api", "src\Modules\Sales\Api\Sales.Api.csproj", "{67357A32-5FD7-4899-BBEB-B9927F94C61F}"
EndProject
Project("{66A26720-8FB5-11D2-AA7E-00C04F688DDE}") = "src", "src", "{CBDA9D2D-D2BF-4237-99CB-BA2AB6D27EBA}"
EndProject
Project("{66A26720-8FB5-11D2-AA7E-00C04F688DDE}") = "Modules", "src\Modules", "{797B8333-CDFE-4D81-BF0E-25057D550ED2}"
EndProject
Project("{66A26720-8FB5-11D2-AA7E-00C04F688DDE}") = "Catalog", "src\Modules\Catalog", "{6EB11BBA-C4F1-4F62-BADE-350DC1E7D6DE}"
EndProject
Project("{66A26720-8FB5-11D2-AA7E-00C04F688DDE}") = "Sales", "src\Modules\Sales", "{A4DFE82C-7EA8-4109-ACF9-3D4DFD36A01D}"
EndProject
Global
	GlobalSection(SolutionConfigurationPlatforms) = preSolution
		Debug|Any CPU = Debug|Any CPU
		Release|Any CPU = Release|Any CPU
	EndGlobalSection
	GlobalSection(ProjectConfigurationPlatforms) = postSolution
		{A5B05373-AB94-48ED-8012-DCF2C972E319}.Debug|Any CPU.ActiveCfg = Debug|Any CPU
		{A5B05373-AB94-48ED-8012-DCF2C972E319}.Debug|Any CPU.Build.0 = Debug|Any CPU
		{A5B05373-AB94-48ED-8012-DCF2C972E319}.Release|Any CPU.ActiveCfg = Release|Any CPU
		{A5B05373-AB94-48ED-8012-DCF2C972E319}.Release|Any CPU.Build.0 = Release|Any CPU
		{727869D3-024D-4B83-8D70-2ECE7AD20ED8}.Debug|Any CPU.ActiveCfg = Debug|Any CPU
		{727869D3-024D-4B83-8D70-2ECE7AD20ED8}.Debug|Any CPU.Build.0 = Debug|Any CPU
		{727869D3-024D-4B83-8D70-2ECE7AD20ED8}.Release|Any CPU.ActiveCfg = Release|Any CPU
		{727869D3-024D-4B83-8D70-2ECE7AD20ED8}.Release|Any CPU.Build.0 = Release|Any CPU
		{1129AB8E-9309-4710-A745-8F54997A1974}.Debug|Any CPU.ActiveCfg = Debug|Any CPU
		{1129AB8E-9309-4710-A745-8F54997A1974}.Debug|Any CPU.Build.0 = Debug|Any CPU
		{1129AB8E-9309-4710-A745-8F54997A1974}.Release|Any CPU.ActiveCfg = Release|Any CPU
		{1129AB8E-9309-4710-A745-8F54997A1974}.Release|Any CPU.Build.0 = Release|Any CPU
		{88C84D8D-DDDD-4B53-8E16-E4545F82C502}.Debug|Any CPU.ActiveCfg = Debug|Any CPU
		{88C84D8D-DDDD-4B53-8E16-E4545F82C502}.Debug|Any CPU.Build.0 = Debug|Any CPU
		{88C84D8D-DDDD-4B53-8E16-E4545F82C502}.Release|Any CPU.ActiveCfg = Release|Any CPU
		{88C84D8D-DDDD-4B53-8E16-E4545F82C502}.Release|Any CPU.Build.0 = Release|Any CPU
		{9E44A934-2DB6-42C3-B3D0-57D102B8A0B2}.Debug|Any CPU.ActiveCfg = Debug|Any CPU
		{9E44A934-2DB6-42C3-B3D0-57D102B8A0B2}.Debug|Any CPU.Build.0 = Debug|Any CPU
		{9E44A934-2DB6-42C3-B3D0-57D102B8A0B2}.Release|Any CPU.ActiveCfg = Release|Any CPU
		{9E44A934-2DB6-42C3-B3D0-57D102B8A0B2}.Release|Any CPU.Build.0 = Release|Any CPU
		{22FCD236-4CFC-458F-92BF-36100D4D06F3}.Debug|Any CPU.ActiveCfg = Debug|Any CPU
		{22FCD236-4CFC-458F-92BF-36100D4D06F3}.Debug|Any CPU.Build.0 = Debug|Any CPU
		{22FCD236-4CFC-458F-92BF-36100D4D06F3}.Release|Any CPU.ActiveCfg = Release|Any CPU
		{22FCD236-4CFC-458F-92BF-36100D4D06F3}.Release|Any CPU.Build.0 = Release|Any CPU
		{0A222F31-A1A3-45E4-937D-61D52C9BDB3D}.Debug|Any CPU.ActiveCfg = Debug|Any CPU
		{0A222F31-A1A3-45E4-937D-61D52C9BDB3D}.Debug|Any CPU.Build.0 = Debug|Any CPU
		{0A222F31-A1A3-45E4-937D-61D52C9BDB3D}.Release|Any CPU.ActiveCfg = Release|Any CPU
		{0A222F31-A1A3-45E4-937D-61D52C9BDB3D}.Release|Any CPU.Build.0 = Release|Any CPU
		{DD07726B-ED19-4F41-8F43-DEF7A461339D}.Debug|Any CPU.ActiveCfg = Debug|Any CPU
		{DD07726B-ED19-4F41-8F43-DEF7A461339D}.Debug|Any CPU.Build.0 = Debug|Any CPU
		{DD07726B-ED19-4F41-8F43-DEF7A461339D}.Release|Any CPU.ActiveCfg = Release|Any CPU
		{DD07726B-ED19-4F41-8F43-DEF7A461339D}.Release|Any CPU.Build.0 = Release|Any CPU
		{09F77EF8-B90F-4299-BDEE-39C9CF82DA62}.Debug|Any CPU.ActiveCfg = Debug|Any CPU
		{09F77EF8-B90F-4299-BDEE-39C9CF82DA62}.Debug|Any CPU.Build.0 = Debug|Any CPU
		{09F77EF8-B90F-4299-BDEE-39C9CF82DA62}.Release|Any CPU.ActiveCfg = Release|Any CPU
		{09F77EF8-B90F-4299-BDEE-39C9CF82DA62}.Release|Any CPU.Build.0 = Release|Any CPU
		{67357A32-5FD7-4899-BBEB-B9927F94C61F}.Debug|Any CPU.ActiveCfg = Debug|Any CPU
		{67357A32-5FD7-4899-BBEB-B9927F94C61F}.Debug|Any CPU.Build.0 = Debug|Any CPU
		{67357A32-5FD7-4899-BBEB-B9927F94C61F}.Release|Any CPU.ActiveCfg = Release|Any CPU
		{67357A32-5FD7-4899-BBEB-B9927F94C61F}.Release|Any CPU.Build.0 = Release|Any CPU
	EndGlobalSection
	GlobalSection(SolutionProperties) = preSolution
		HideSolutionNode = FALSE
	EndGlobalSection
	GlobalSection(NestedProjects) = preSolution
		{A5B05373-AB94-48ED-8012-DCF2C972E319} = {CBDA9D2D-D2BF-4237-99CB-BA2AB6D27EBA}
		{727869D3-024D-4B83-8D70-2ECE7AD20ED8} = {CBDA9D2D-D2BF-4237-99CB-BA2AB6D27EBA}
		{1129AB8E-9309-4710-A745-8F54997A1974} = {6EB11BBA-C4F1-4F62-BADE-350DC1E7D6DE}
		{88C84D8D-DDDD-4B53-8E16-E4545F82C502} = {6EB11BBA-C4F1-4F62-BADE-350DC1E7D6DE}
		{9E44A934-2DB6-42C3-B3D0-57D102B8A0B2} = {6EB11BBA-C4F1-4F62-BADE-350DC1E7D6DE}
		{22FCD236-4CFC-458F-92BF-36100D4D06F3} = {6EB11BBA-C4F1-4F62-BADE-350DC1E7D6DE}
		{0A222F31-A1A3-45E4-937D-61D52C9BDB3D} = {A4DFE82C-7EA8-4109-ACF9-3D4DFD36A01D}
		{DD07726B-ED19-4F41-8F43-DEF7A461339D} = {A4DFE82C-7EA8-4109-ACF9-3D4DFD36A01D}
		{09F77EF8-B90F-4299-BDEE-39C9CF82DA62} = {A4DFE82C-7EA8-4109-ACF9-3D4DFD36A01D}
		{67357A32-5FD7-4899-BBEB-B9927F94C61F} = {A4DFE82C-7EA8-4109-ACF9-3D4DFD36A01D}
		{797B8333-CDFE-4D81-BF0E-25057D550ED2} = {CBDA9D2D-D2BF-4237-99CB-BA2AB6D27EBA}
		{6EB11BBA-C4F1-4F62-BADE-350DC1E7D6DE} = {797B8333-CDFE-4D81-BF0E-25057D550ED2}
		{A4DFE82C-7EA8-4109-ACF9-3D4DFD36A01D} = {797B8333-CDFE-4D81-BF0E-25057D550ED2}
	EndGlobalSection
EndGlobal
